{
  "version": 4,
  "terraform_version": "1.6.5",
  "serial": 360,
  "lineage": "c2a53b14-d185-ae32-8b4c-682cb6d72e25",
  "outputs": {
    "lab_name": {
      "value": "t-clo-901-lil-2",
      "type": "string"
    },
    "resource_group_name": {
      "value": "t-clo-901-lil-2",
      "type": "string"
    },
    "vm_fqdn": {
      "value": [
        "terracloud-vm0.westeurope.cloudapp.azure.com",
        "terracloud-vm1.westeurope.cloudapp.azure.com",
        "terracloud-vm2.westeurope.cloudapp.azure.com"
      ],
      "type": [
        "tuple",
        [
          "string",
          "string",
          "string"
        ]
      ]
    },
    "vm_names": {
      "value": [
        "TerraCloud-vm0",
        "TerraCloud-vm1",
        "TerraCloud-vm2"
      ],
      "type": [
        "tuple",
        [
          "string",
          "string",
          "string"
        ]
      ]
    }
  },
  "resources": [
    {
      "mode": "data",
      "type": "azurerm_dev_test_lab",
      "name": "terracloud_dev_test_lab",
      "provider": "provider[\"registry.terraform.io/hashicorp/azurerm\"]",
      "instances": [
        {
          "schema_version": 0,
          "attributes": {
            "artifacts_storage_account_id": "/subscriptions/1eb5e572-df10-47a3-977e-b0ec272641e4/resourcegroups/t-clo-901-lil-2/providers/microsoft.storage/storageaccounts/atclo901lil23632",
            "default_premium_storage_account_id": "/subscriptions/1eb5e572-df10-47a3-977e-b0ec272641e4/resourcegroups/t-clo-901-lil-2/providers/microsoft.storage/storageaccounts/atclo901lil23632",
            "default_storage_account_id": "/subscriptions/1eb5e572-df10-47a3-977e-b0ec272641e4/resourcegroups/t-clo-901-lil-2/providers/microsoft.storage/storageaccounts/atclo901lil23632",
            "id": "/subscriptions/1eb5e572-df10-47a3-977e-b0ec272641e4/resourceGroups/t-clo-901-lil-2/providers/Microsoft.DevTestLab/labs/t-clo-901-lil-2",
            "key_vault_id": "/subscriptions/1eb5e572-df10-47a3-977e-b0ec272641e4/resourcegroups/t-clo-901-lil-2/providers/microsoft.keyvault/vaults/tclo901lil27675",
            "location": "westeurope",
            "name": "t-clo-901-lil-2",
            "premium_data_disk_storage_account_id": "/subscriptions/1eb5e572-df10-47a3-977e-b0ec272641e4/resourcegroups/t-clo-901-lil-2/providers/microsoft.storage/storageaccounts/atclo901lil23632",
            "resource_group_name": "t-clo-901-lil-2",
            "storage_type": "Premium",
            "tags": {
              "group_number": "2",
              "module": "t-clo-901"
            },
            "timeouts": null,
            "unique_identifier": "d7c26237-24a1-45e8-aa8e-97393d1e4d22"
          },
          "sensitive_attributes": []
        }
      ]
    },
    {
      "mode": "data",
      "type": "azurerm_dev_test_virtual_network",
      "name": "terracloud_vnet",
      "provider": "provider[\"registry.terraform.io/hashicorp/azurerm\"]",
      "instances": [
        {
          "schema_version": 0,
          "attributes": {
            "allowed_subnets": [
              {
                "allow_public_ip": "Allow",
                "lab_subnet_name": "t-clo-901-lil-2Subnet",
                "resource_id": "/subscriptions/1eb5e572-df10-47a3-977e-b0ec272641e4/resourceGroups/t-clo-901-lil-2/providers/Microsoft.Network/virtualNetworks/t-clo-901-lil-2/subnets/t-clo-901-lil-2Subnet"
              }
            ],
            "id": "/subscriptions/1eb5e572-df10-47a3-977e-b0ec272641e4/resourceGroups/t-clo-901-lil-2/providers/Microsoft.DevTestLab/labs/t-clo-901-lil-2/virtualNetworks/t-clo-901-lil-2",
            "lab_name": "t-clo-901-lil-2",
            "name": "t-clo-901-lil-2",
            "resource_group_name": "t-clo-901-lil-2",
            "subnet_overrides": [
              {
                "lab_subnet_name": "t-clo-901-lil-2Subnet",
                "resource_id": "/subscriptions/1eb5e572-df10-47a3-977e-b0ec272641e4/resourceGroups/t-clo-901-lil-2/providers/Microsoft.Network/virtualNetworks/t-clo-901-lil-2/subnets/t-clo-901-lil-2Subnet",
                "use_in_vm_creation_permission": "Allow",
                "use_public_ip_address_permission": "Allow",
                "virtual_network_pool_name": ""
              }
            ],
            "timeouts": null,
            "unique_identifier": "7ddcc1ee-1488-4d64-abde-53fa323e36b9"
          },
          "sensitive_attributes": []
        }
      ]
    },
    {
      "mode": "data",
      "type": "azurerm_resource_group",
      "name": "terracloud",
      "provider": "provider[\"registry.terraform.io/hashicorp/azurerm\"]",
      "instances": [
        {
          "schema_version": 0,
          "attributes": {
            "id": "/subscriptions/1eb5e572-df10-47a3-977e-b0ec272641e4/resourceGroups/t-clo-901-lil-2",
            "location": "westeurope",
            "name": "t-clo-901-lil-2",
            "tags": {
              "city": "lil",
              "cost:application": "socle-student",
              "cost:business-unit": "epitech",
              "cost:environment": "prod",
              "group_number": "2",
              "module": "t-clo-901"
            },
            "timeouts": null
          },
          "sensitive_attributes": []
        }
      ]
    },
    {
      "mode": "data",
      "type": "azurerm_subnet",
      "name": "terracloud_subnet",
      "provider": "provider[\"registry.terraform.io/hashicorp/azurerm\"]",
      "instances": [
        {
          "schema_version": 0,
          "attributes": {
            "address_prefix": "10.0.0.0/20",
            "address_prefixes": [
              "10.0.0.0/20"
            ],
            "enforce_private_link_endpoint_network_policies": true,
            "enforce_private_link_service_network_policies": false,
            "id": "/subscriptions/1eb5e572-df10-47a3-977e-b0ec272641e4/resourceGroups/t-clo-901-lil-2/providers/Microsoft.Network/virtualNetworks/t-clo-901-lil-2/subnets/t-clo-901-lil-2Subnet",
            "name": "t-clo-901-lil-2Subnet",
            "network_security_group_id": "",
            "resource_group_name": "t-clo-901-lil-2",
            "route_table_id": "",
            "service_endpoints": [],
            "timeouts": null,
            "virtual_network_name": "t-clo-901-lil-2"
          },
          "sensitive_attributes": []
        }
      ]
    },
    {
      "mode": "managed",
      "type": "azurerm_dev_test_linux_virtual_machine",
      "name": "terracloud_vm",
      "provider": "provider[\"registry.terraform.io/hashicorp/azurerm\"]",
      "instances": [
        {
          "index_key": 0,
          "schema_version": 1,
          "attributes": {
            "allow_claim": false,
            "disallow_public_ip_address": false,
            "fqdn": "terracloud-vm0.westeurope.cloudapp.azure.com",
            "gallery_image_reference": [
              {
                "offer": "0001-com-ubuntu-server-jammy",
                "publisher": "Canonical",
                "sku": "22_04-lts",
                "version": "latest"
              }
            ],
            "id": "/subscriptions/1eb5e572-df10-47a3-977e-b0ec272641e4/resourceGroups/t-clo-901-lil-2/providers/Microsoft.DevTestLab/labs/t-clo-901-lil-2/virtualMachines/TerraCloud-vm0",
            "inbound_nat_rule": [],
            "lab_name": "t-clo-901-lil-2",
            "lab_subnet_name": "t-clo-901-lil-2Subnet",
            "lab_virtual_network_id": "/subscriptions/1eb5e572-df10-47a3-977e-b0ec272641e4/resourceGroups/t-clo-901-lil-2/providers/Microsoft.DevTestLab/labs/t-clo-901-lil-2/virtualNetworks/t-clo-901-lil-2",
            "location": "westeurope",
            "name": "TerraCloud-vm0",
            "notes": "TerraCloud VMs",
            "password": null,
            "resource_group_name": "t-clo-901-lil-2",
            "size": "Standard_A4_v2",
            "ssh_key": "ssh-rsa AAAAB3NzaC1yc2EAAAADAQABAAABgQDNUSdo1CZvIz91zKSy8X+ifz676hausfncJdASsfPIo3vaIvgdwOqVW3gUwo0VTOo9c7Pypk03hRjxD62RZp0x8lsAvTpl0kHDINQpLpo6VsoUJwaNxh6VuuwG6nsjkcqEfR6vpm4OeAoYRCmIQo/E06fZbtP/SYqfh4a3pOU3OUdHhHw/sozfmkf4g/oagHx6d4Zthvutn/qVwmIVe1N7/fHK5CKQmmAS1WPoHsNi+KAiokaJltvo0P6Q9+JUB4DgTZd3P5ws+fnPlxFIsPdF5PuGk4x72J+rHwQKx6oZ+dvyPs/YVkhNNJOzqIZ5n7PmsBdLnx2z8mGyS+dZP4BmH/LlBoVjNUcmit79gh0wxhSJ1JO3SzFpBZpI8vTyfqlo4gRbRbLfoyT5tX5v+AsC19BQfPKQ+52pvm1FWEQngXhqS7zMILwqgyZA1n6DYSdrdI2p5/qDurSF4lxPyA2Vd/caePWWAHU4ToXzCNdCGHLYBIw9lavkXc7cAjmx4A0= squalli@paillou-epitech\n",
            "storage_type": "Standard",
            "tags": {},
            "timeouts": null,
            "unique_identifier": "f9be0854-ff08-4aba-b237-96884b36f137",
            "username": "terracloud"
          },
          "sensitive_attributes": [],
          "private": "eyJlMmJmYjczMC1lY2FhLTExZTYtOGY4OC0zNDM2M2JjN2M0YzAiOnsiY3JlYXRlIjoxODAwMDAwMDAwMDAwLCJkZWxldGUiOjE4MDAwMDAwMDAwMDAsInJlYWQiOjMwMDAwMDAwMDAwMCwidXBkYXRlIjoxODAwMDAwMDAwMDAwfSwic2NoZW1hX3ZlcnNpb24iOiIxIn0=",
          "dependencies": [
            "data.azurerm_dev_test_lab.terracloud_dev_test_lab",
            "data.azurerm_dev_test_virtual_network.terracloud_vnet",
            "data.azurerm_resource_group.terracloud",
            "data.azurerm_subnet.terracloud_subnet"
          ]
        },
        {
          "index_key": 1,
          "schema_version": 1,
          "attributes": {
            "allow_claim": false,
            "disallow_public_ip_address": false,
            "fqdn": "terracloud-vm1.westeurope.cloudapp.azure.com",
            "gallery_image_reference": [
              {
                "offer": "0001-com-ubuntu-server-jammy",
                "publisher": "Canonical",
                "sku": "22_04-lts",
                "version": "latest"
              }
            ],
            "id": "/subscriptions/1eb5e572-df10-47a3-977e-b0ec272641e4/resourceGroups/t-clo-901-lil-2/providers/Microsoft.DevTestLab/labs/t-clo-901-lil-2/virtualMachines/TerraCloud-vm1",
            "inbound_nat_rule": [],
            "lab_name": "t-clo-901-lil-2",
            "lab_subnet_name": "t-clo-901-lil-2Subnet",
            "lab_virtual_network_id": "/subscriptions/1eb5e572-df10-47a3-977e-b0ec272641e4/resourceGroups/t-clo-901-lil-2/providers/Microsoft.DevTestLab/labs/t-clo-901-lil-2/virtualNetworks/t-clo-901-lil-2",
            "location": "westeurope",
            "name": "TerraCloud-vm1",
            "notes": "TerraCloud VMs",
            "password": null,
            "resource_group_name": "t-clo-901-lil-2",
            "size": "Standard_A4_v2",
            "ssh_key": "ssh-rsa AAAAB3NzaC1yc2EAAAADAQABAAABgQDNUSdo1CZvIz91zKSy8X+ifz676hausfncJdASsfPIo3vaIvgdwOqVW3gUwo0VTOo9c7Pypk03hRjxD62RZp0x8lsAvTpl0kHDINQpLpo6VsoUJwaNxh6VuuwG6nsjkcqEfR6vpm4OeAoYRCmIQo/E06fZbtP/SYqfh4a3pOU3OUdHhHw/sozfmkf4g/oagHx6d4Zthvutn/qVwmIVe1N7/fHK5CKQmmAS1WPoHsNi+KAiokaJltvo0P6Q9+JUB4DgTZd3P5ws+fnPlxFIsPdF5PuGk4x72J+rHwQKx6oZ+dvyPs/YVkhNNJOzqIZ5n7PmsBdLnx2z8mGyS+dZP4BmH/LlBoVjNUcmit79gh0wxhSJ1JO3SzFpBZpI8vTyfqlo4gRbRbLfoyT5tX5v+AsC19BQfPKQ+52pvm1FWEQngXhqS7zMILwqgyZA1n6DYSdrdI2p5/qDurSF4lxPyA2Vd/caePWWAHU4ToXzCNdCGHLYBIw9lavkXc7cAjmx4A0= squalli@paillou-epitech\n",
            "storage_type": "Standard",
            "tags": {},
            "timeouts": null,
            "unique_identifier": "e7cd553c-2b6d-48bd-98a3-76bdfd996a56",
            "username": "terracloud"
          },
          "sensitive_attributes": [],
          "private": "eyJlMmJmYjczMC1lY2FhLTExZTYtOGY4OC0zNDM2M2JjN2M0YzAiOnsiY3JlYXRlIjoxODAwMDAwMDAwMDAwLCJkZWxldGUiOjE4MDAwMDAwMDAwMDAsInJlYWQiOjMwMDAwMDAwMDAwMCwidXBkYXRlIjoxODAwMDAwMDAwMDAwfSwic2NoZW1hX3ZlcnNpb24iOiIxIn0=",
          "dependencies": [
            "data.azurerm_dev_test_lab.terracloud_dev_test_lab",
            "data.azurerm_dev_test_virtual_network.terracloud_vnet",
            "data.azurerm_resource_group.terracloud",
            "data.azurerm_subnet.terracloud_subnet"
          ]
        },
        {
          "index_key": 2,
          "schema_version": 1,
          "attributes": {
            "allow_claim": false,
            "disallow_public_ip_address": false,
            "fqdn": "terracloud-vm2.westeurope.cloudapp.azure.com",
            "gallery_image_reference": [
              {
                "offer": "0001-com-ubuntu-server-jammy",
                "publisher": "Canonical",
                "sku": "22_04-lts",
                "version": "latest"
              }
            ],
            "id": "/subscriptions/1eb5e572-df10-47a3-977e-b0ec272641e4/resourceGroups/t-clo-901-lil-2/providers/Microsoft.DevTestLab/labs/t-clo-901-lil-2/virtualMachines/TerraCloud-vm2",
            "inbound_nat_rule": [],
            "lab_name": "t-clo-901-lil-2",
            "lab_subnet_name": "t-clo-901-lil-2Subnet",
            "lab_virtual_network_id": "/subscriptions/1eb5e572-df10-47a3-977e-b0ec272641e4/resourceGroups/t-clo-901-lil-2/providers/Microsoft.DevTestLab/labs/t-clo-901-lil-2/virtualNetworks/t-clo-901-lil-2",
            "location": "westeurope",
            "name": "TerraCloud-vm2",
            "notes": "TerraCloud VMs",
            "password": null,
            "resource_group_name": "t-clo-901-lil-2",
            "size": "Standard_A4_v2",
            "ssh_key": "ssh-rsa AAAAB3NzaC1yc2EAAAADAQABAAABgQDNUSdo1CZvIz91zKSy8X+ifz676hausfncJdASsfPIo3vaIvgdwOqVW3gUwo0VTOo9c7Pypk03hRjxD62RZp0x8lsAvTpl0kHDINQpLpo6VsoUJwaNxh6VuuwG6nsjkcqEfR6vpm4OeAoYRCmIQo/E06fZbtP/SYqfh4a3pOU3OUdHhHw/sozfmkf4g/oagHx6d4Zthvutn/qVwmIVe1N7/fHK5CKQmmAS1WPoHsNi+KAiokaJltvo0P6Q9+JUB4DgTZd3P5ws+fnPlxFIsPdF5PuGk4x72J+rHwQKx6oZ+dvyPs/YVkhNNJOzqIZ5n7PmsBdLnx2z8mGyS+dZP4BmH/LlBoVjNUcmit79gh0wxhSJ1JO3SzFpBZpI8vTyfqlo4gRbRbLfoyT5tX5v+AsC19BQfPKQ+52pvm1FWEQngXhqS7zMILwqgyZA1n6DYSdrdI2p5/qDurSF4lxPyA2Vd/caePWWAHU4ToXzCNdCGHLYBIw9lavkXc7cAjmx4A0= squalli@paillou-epitech\n",
            "storage_type": "Standard",
            "tags": {},
            "timeouts": null,
            "unique_identifier": "8f9dbb10-3da5-4551-a990-07bf6f2c5305",
            "username": "terracloud"
          },
          "sensitive_attributes": [],
          "private": "eyJlMmJmYjczMC1lY2FhLTExZTYtOGY4OC0zNDM2M2JjN2M0YzAiOnsiY3JlYXRlIjoxODAwMDAwMDAwMDAwLCJkZWxldGUiOjE4MDAwMDAwMDAwMDAsInJlYWQiOjMwMDAwMDAwMDAwMCwidXBkYXRlIjoxODAwMDAwMDAwMDAwfSwic2NoZW1hX3ZlcnNpb24iOiIxIn0=",
          "dependencies": [
            "data.azurerm_dev_test_lab.terracloud_dev_test_lab",
            "data.azurerm_dev_test_virtual_network.terracloud_vnet",
            "data.azurerm_resource_group.terracloud",
            "data.azurerm_subnet.terracloud_subnet"
          ]
        }
      ]
    }
  ],
  "check_results": null
}
