{
  "version": 4,
  "terraform_version": "1.6.4",
  "serial": 39,
  "lineage": "0ddc96e3-7308-d4fc-38d7-8ee446fcce38",
  "outputs": {
    "app_url": {
      "value": "webapp-48927.azurewebsites.net",
      "type": "string"
    }
  },
  "resources": [
    {
      "mode": "data",
      "type": "azurerm_resource_group",
      "name": "paas",
      "provider": "provider[\"registry.terraform.io/hashicorp/azurerm\"]",
      "instances": [
        {
          "schema_version": 0,
          "attributes": {
            "id": "/subscriptions/1eb5e572-df10-47a3-977e-b0ec272641e4/resourceGroups/t-clo-901-lil-2-items",
            "location": "westeurope",
            "name": "t-clo-901-lil-2-items",
            "tags": {
              "city": "lil",
              "cost:application": "socle-student",
              "cost:business-unit": "epitech",
              "cost:environment": "prod",
              "group_number": "2",
              "module": "t-clo-901"
            },
            "timeouts": null
          },
          "sensitive_attributes": []
        }
      ]
    },
    {
      "mode": "managed",
      "type": "azurerm_app_service_source_control",
      "name": "source_control",
      "provider": "provider[\"registry.terraform.io/hashicorp/azurerm\"]",
      "instances": [
        {
          "schema_version": 0,
          "attributes": {
            "app_id": "/subscriptions/1eb5e572-df10-47a3-977e-b0ec272641e4/resourceGroups/t-clo-901-lil-2-items/providers/Microsoft.Web/sites/webapp-48927",
            "branch": "main",
            "github_action_configuration": [],
            "id": "/subscriptions/1eb5e572-df10-47a3-977e-b0ec272641e4/resourceGroups/t-clo-901-lil-2-items/providers/Microsoft.Web/sites/webapp-48927",
            "repo_url": "https://github.com/MacDoSolaire/laravel-tasks.git",
            "rollback_enabled": false,
            "scm_type": "ExternalGit",
            "timeouts": null,
            "use_local_git": false,
            "use_manual_integration": true,
            "use_mercurial": false,
            "uses_github_action": false
          },
          "sensitive_attributes": [],
          "private": "eyJlMmJmYjczMC1lY2FhLTExZTYtOGY4OC0zNDM2M2JjN2M0YzAiOnsiY3JlYXRlIjoxODAwMDAwMDAwMDAwLCJkZWxldGUiOjE4MDAwMDAwMDAwMDAsInJlYWQiOjMwMDAwMDAwMDAwMH19",
          "dependencies": [
            "azurerm_linux_web_app.webappcontapp",
            "azurerm_service_plan.appserviceplan",
            "data.azurerm_resource_group.paas",
            "random_integer.ri"
          ]
        }
      ]
    },
    {
      "mode": "managed",
      "type": "azurerm_linux_web_app",
      "name": "webappcontapp",
      "provider": "provider[\"registry.terraform.io/hashicorp/azurerm\"]",
      "instances": [
        {
          "schema_version": 0,
          "attributes": {
            "app_settings": {
              "APP_DEBUG": "true",
              "APP_KEY": "base64:Dsz40HWwbCqnq0oxMsjq7fItmKIeBfCBGORfspaI1Kw=",
              "DB_CONNECTION": "mysql",
              "DB_DATABASE": "terracloud-database",
              "DB_HOST": "terracloud-mysqlserver.mysql.database.azure.com",
              "DB_PASSWORD": "H@Sh1CoR3!",
              "DB_PORT": "3306",
              "DB_USERNAME": "mysqladminun",
              "LOG_CHANNEL": "stderr",
              "MYSQL_ATTR_SSL_CA": "/home/site/wwwroot/ssl/DigiCertGlobalRootCA.crt.pem",
              "WEBSITES_ENABLE_APP_SERVICE_STORAGE": "false"
            },
            "auth_settings": [
              {
                "active_directory": [],
                "additional_login_parameters": {},
                "allowed_external_redirect_urls": [],
                "default_provider": "",
                "enabled": false,
                "facebook": [],
                "github": [],
                "google": [],
                "issuer": "",
                "microsoft": [],
                "runtime_version": "",
                "token_refresh_extension_hours": 0,
                "token_store_enabled": false,
                "twitter": [],
                "unauthenticated_client_action": ""
              }
            ],
            "backup": [],
            "client_affinity_enabled": false,
            "client_certificate_enabled": false,
            "client_certificate_mode": "Required",
            "connection_string": [],
            "custom_domain_verification_id": "8675478B10CF42C454A988CFBBAE00955B0EF4E2BC7E82312AD47AD748EB37CA",
            "default_hostname": "webapp-48927.azurewebsites.net",
            "enabled": true,
            "https_only": true,
            "id": "/subscriptions/1eb5e572-df10-47a3-977e-b0ec272641e4/resourceGroups/t-clo-901-lil-2-items/providers/Microsoft.Web/sites/webapp-48927",
            "identity": [
              {
                "identity_ids": null,
                "principal_id": "2fb3d4b8-b234-486a-8fff-3eed08d1331f",
                "tenant_id": "901cb4ca-b862-4029-9306-e5cd0f6d9f86",
                "type": "SystemAssigned"
              }
            ],
            "key_vault_reference_identity_id": "SystemAssigned",
            "kind": "app,linux",
            "location": "westeurope",
            "logs": [],
            "name": "webapp-48927",
            "outbound_ip_address_list": [
              "20.86.192.229",
              "20.86.197.46",
              "20.86.198.50",
              "20.86.198.55",
              "20.86.192.136",
              "20.86.197.17",
              "20.50.2.71"
            ],
            "outbound_ip_addresses": "20.86.192.229,20.86.197.46,20.86.198.50,20.86.198.55,20.86.192.136,20.86.197.17,20.50.2.71",
            "possible_outbound_ip_address_list": [
              "20.86.192.229",
              "20.86.197.46",
              "20.86.198.50",
              "20.86.198.55",
              "20.86.192.136",
              "20.86.197.17",
              "20.86.198.60",
              "20.86.198.77",
              "20.86.197.28",
              "20.86.198.83",
              "20.86.198.86",
              "20.86.198.163",
              "20.86.198.187",
              "20.86.198.231",
              "20.86.192.140",
              "20.86.197.10",
              "20.86.197.66",
              "20.86.197.130",
              "20.82.27.42",
              "20.82.27.49",
              "20.82.27.240",
              "20.82.28.201",
              "20.82.28.253",
              "20.82.29.15",
              "20.50.2.71"
            ],
            "possible_outbound_ip_addresses": "20.86.192.229,20.86.197.46,20.86.198.50,20.86.198.55,20.86.192.136,20.86.197.17,20.86.198.60,20.86.198.77,20.86.197.28,20.86.198.83,20.86.198.86,20.86.198.163,20.86.198.187,20.86.198.231,20.86.192.140,20.86.197.10,20.86.197.66,20.86.197.130,20.82.27.42,20.82.27.49,20.82.27.240,20.82.28.201,20.82.28.253,20.82.29.15,20.50.2.71",
            "resource_group_name": "t-clo-901-lil-2-items",
            "service_plan_id": "/subscriptions/1eb5e572-df10-47a3-977e-b0ec272641e4/resourceGroups/t-clo-901-lil-2-items/providers/Microsoft.Web/serverfarms/CloudPaas-48927",
            "site_config": [
              {
                "always_on": true,
                "api_definition_url": "",
                "api_management_api_id": "",
                "app_command_line": "",
                "application_stack": [
                  {
                    "docker_image": "",
                    "docker_image_tag": "",
                    "dotnet_version": "",
                    "java_server": "",
                    "java_server_version": "",
                    "java_version": "",
                    "node_version": "",
                    "php_version": "7.4",
                    "python_version": "",
                    "ruby_version": ""
                  }
                ],
                "auto_heal_enabled": false,
                "auto_heal_setting": [],
                "container_registry_managed_identity_client_id": "",
                "container_registry_use_managed_identity": false,
                "cors": [],
                "default_documents": [
                  "Default.htm",
                  "Default.html",
                  "Default.asp",
                  "index.htm",
                  "index.html",
                  "iisstart.htm",
                  "default.aspx",
                  "index.php",
                  "hostingstart.html"
                ],
                "detailed_error_logging_enabled": false,
                "ftps_state": "Disabled",
                "health_check_eviction_time_in_min": 0,
                "health_check_path": "",
                "http2_enabled": false,
                "ip_restriction": [],
                "linux_fx_version": "PHP|7.4",
                "load_balancing_mode": "LeastRequests",
                "local_mysql_enabled": false,
                "managed_pipeline_mode": "Integrated",
                "minimum_tls_version": "1.2",
                "remote_debugging_enabled": false,
                "remote_debugging_version": "VS2019",
                "scm_ip_restriction": [],
                "scm_minimum_tls_version": "1.2",
                "scm_type": "None",
                "scm_use_main_ip_restriction": false,
                "use_32_bit_worker": true,
                "vnet_route_all_enabled": false,
                "websockets_enabled": false,
                "worker_count": 1
              }
            ],
            "site_credential": [
              {
                "name": "$webapp-48927",
                "password": "6MEi651YJADcrzxL1xXSdrnxcv9Z8QEy5d3g8SXPXoH1qSFSlbaj5hQ63u40"
              }
            ],
            "storage_account": [],
            "tags": null,
            "timeouts": null
          },
          "sensitive_attributes": [],
          "private": "eyJlMmJmYjczMC1lY2FhLTExZTYtOGY4OC0zNDM2M2JjN2M0YzAiOnsiY3JlYXRlIjoxODAwMDAwMDAwMDAwLCJkZWxldGUiOjE4MDAwMDAwMDAwMDAsInJlYWQiOjMwMDAwMDAwMDAwMCwidXBkYXRlIjoxODAwMDAwMDAwMDAwfX0=",
          "dependencies": [
            "azurerm_service_plan.appserviceplan",
            "data.azurerm_resource_group.paas",
            "random_integer.ri"
          ]
        }
      ]
    },
    {
      "mode": "managed",
      "type": "azurerm_mysql_database",
      "name": "terracloud_database",
      "provider": "provider[\"registry.terraform.io/hashicorp/azurerm\"]",
      "instances": [
        {
          "schema_version": 0,
          "attributes": {
            "charset": "utf8",
            "collation": "utf8_unicode_ci",
            "id": "/subscriptions/1eb5e572-df10-47a3-977e-b0ec272641e4/resourceGroups/t-clo-901-lil-2-items/providers/Microsoft.DBforMySQL/servers/terracloud-mysqlserver/databases/terracloud-database",
            "name": "terracloud-database",
            "resource_group_name": "t-clo-901-lil-2-items",
            "server_name": "terracloud-mysqlserver",
            "timeouts": null
          },
          "sensitive_attributes": [],
          "private": "eyJlMmJmYjczMC1lY2FhLTExZTYtOGY4OC0zNDM2M2JjN2M0YzAiOnsiY3JlYXRlIjozNjAwMDAwMDAwMDAwLCJkZWxldGUiOjM2MDAwMDAwMDAwMDAsInJlYWQiOjMwMDAwMDAwMDAwMCwidXBkYXRlIjozNjAwMDAwMDAwMDAwfX0=",
          "dependencies": [
            "azurerm_mysql_server.terracloud_mysql",
            "data.azurerm_resource_group.paas"
          ]
        }
      ]
    },
    {
      "mode": "managed",
      "type": "azurerm_mysql_server",
      "name": "terracloud_mysql",
      "provider": "provider[\"registry.terraform.io/hashicorp/azurerm\"]",
      "instances": [
        {
          "schema_version": 0,
          "attributes": {
            "administrator_login": "mysqladminun",
            "administrator_login_password": "H@Sh1CoR3!",
            "auto_grow_enabled": true,
            "backup_retention_days": 7,
            "create_mode": "Default",
            "creation_source_server_id": null,
            "fqdn": "terracloud-mysqlserver.mysql.database.azure.com",
            "geo_redundant_backup_enabled": true,
            "id": "/subscriptions/1eb5e572-df10-47a3-977e-b0ec272641e4/resourceGroups/t-clo-901-lil-2-items/providers/Microsoft.DBforMySQL/servers/terracloud-mysqlserver",
            "identity": [],
            "infrastructure_encryption_enabled": true,
            "location": "westeurope",
            "name": "terracloud-mysqlserver",
            "public_network_access_enabled": false,
            "resource_group_name": "t-clo-901-lil-2-items",
            "restore_point_in_time": null,
            "sku_name": "GP_Gen5_2",
            "ssl_enforcement_enabled": true,
            "ssl_minimal_tls_version_enforced": "TLS1_2",
            "storage_mb": 5120,
            "tags": null,
            "threat_detection_policy": [],
            "timeouts": null,
            "version": "5.7"
          },
          "sensitive_attributes": [],
          "private": "eyJlMmJmYjczMC1lY2FhLTExZTYtOGY4OC0zNDM2M2JjN2M0YzAiOnsiY3JlYXRlIjozNjAwMDAwMDAwMDAwLCJkZWxldGUiOjM2MDAwMDAwMDAwMDAsInJlYWQiOjMwMDAwMDAwMDAwMCwidXBkYXRlIjozNjAwMDAwMDAwMDAwfX0=",
          "dependencies": [
            "data.azurerm_resource_group.paas"
          ]
        }
      ]
    },
    {
      "mode": "managed",
      "type": "azurerm_service_plan",
      "name": "appserviceplan",
      "provider": "provider[\"registry.terraform.io/hashicorp/azurerm\"]",
      "instances": [
        {
          "schema_version": 0,
          "attributes": {
            "app_service_environment_id": "",
            "id": "/subscriptions/1eb5e572-df10-47a3-977e-b0ec272641e4/resourceGroups/t-clo-901-lil-2-items/providers/Microsoft.Web/serverfarms/CloudPaas-48927",
            "kind": "linux",
            "location": "westeurope",
            "maximum_elastic_worker_count": 1,
            "name": "CloudPaas-48927",
            "os_type": "Linux",
            "per_site_scaling_enabled": false,
            "reserved": true,
            "resource_group_name": "t-clo-901-lil-2-items",
            "sku_name": "B1",
            "tags": null,
            "timeouts": null,
            "worker_count": 1
          },
          "sensitive_attributes": [],
          "private": "eyJlMmJmYjczMC1lY2FhLTExZTYtOGY4OC0zNDM2M2JjN2M0YzAiOnsiY3JlYXRlIjozNjAwMDAwMDAwMDAwLCJkZWxldGUiOjM2MDAwMDAwMDAwMDAsInJlYWQiOjMwMDAwMDAwMDAwMCwidXBkYXRlIjozNjAwMDAwMDAwMDAwfX0=",
          "dependencies": [
            "data.azurerm_resource_group.paas",
            "random_integer.ri"
          ]
        }
      ]
    },
    {
      "mode": "managed",
      "type": "random_integer",
      "name": "ri",
      "provider": "provider[\"registry.terraform.io/hashicorp/random\"]",
      "instances": [
        {
          "schema_version": 0,
          "attributes": {
            "id": "48927",
            "keepers": null,
            "max": 99999,
            "min": 10000,
            "result": 48927,
            "seed": null
          },
          "sensitive_attributes": []
        }
      ]
    }
  ],
  "check_results": null
}
